// !$*UTF8*$!
{
	archiveVersion = 1;
	classes = {
	};
	objectVersion = 56;
	objects = {

/* Begin PBXBuildFile section */
		1A43CFD3295EEA0F00716EFE /* Localizable.strings in Resources */ = {isa = PBXBuildFile; fileRef = 1A43CFD5295EEA0F00716EFE /* Localizable.strings */; };
		1A43CFDA295EECA100716EFE /* ContentProtocol.swift in Sources */ = {isa = PBXBuildFile; fileRef = 1A43CFD9295EECA100716EFE /* ContentProtocol.swift */; };
		1A43CFDD295EF31600716EFE /* UIView+Border.swift in Sources */ = {isa = PBXBuildFile; fileRef = 1A43CFDC295EF31600716EFE /* UIView+Border.swift */; };
		1A43CFE22960201200716EFE /* MainViewModel.swift in Sources */ = {isa = PBXBuildFile; fileRef = 1A43CFE12960201200716EFE /* MainViewModel.swift */; };
		1A43CFE429602EB000716EFE /* UIColor+Hex.swift in Sources */ = {isa = PBXBuildFile; fileRef = 1A43CFE329602EB000716EFE /* UIColor+Hex.swift */; };
		1A43CFE6296042C700716EFE /* UIView+Shadow.swift in Sources */ = {isa = PBXBuildFile; fileRef = 1A43CFE5296042C700716EFE /* UIView+Shadow.swift */; };
		1A43CFE82961B40F00716EFE /* Card.swift in Sources */ = {isa = PBXBuildFile; fileRef = 1A43CFE72961B40F00716EFE /* Card.swift */; };
		1A43CFEC2961E15A00716EFE /* OCR-A-Regular.ttf in Resources */ = {isa = PBXBuildFile; fileRef = 1A43CFEB2961E15A00716EFE /* OCR-A-Regular.ttf */; };
		1A43CFF02961E6C700716EFE /* OCR B 10 BT.ttf in Resources */ = {isa = PBXBuildFile; fileRef = 1A43CFEF2961E6C700716EFE /* OCR B 10 BT.ttf */; };
		1A4877C6295C33520029A1BC /* AppDelegate.swift in Sources */ = {isa = PBXBuildFile; fileRef = 1A4877C5295C33520029A1BC /* AppDelegate.swift */; };
		1A4877C8295C33520029A1BC /* SceneDelegate.swift in Sources */ = {isa = PBXBuildFile; fileRef = 1A4877C7295C33520029A1BC /* SceneDelegate.swift */; };
		1A4877CA295C33520029A1BC /* ViewController.swift in Sources */ = {isa = PBXBuildFile; fileRef = 1A4877C9295C33520029A1BC /* ViewController.swift */; };
		1A4877CF295C33530029A1BC /* Assets.xcassets in Resources */ = {isa = PBXBuildFile; fileRef = 1A4877CE295C33530029A1BC /* Assets.xcassets */; };
		1A4877D2295C33530029A1BC /* LaunchScreen.storyboard in Resources */ = {isa = PBXBuildFile; fileRef = 1A4877D0295C33530029A1BC /* LaunchScreen.storyboard */; };
		1A4877E6295C36BF0029A1BC /* MainContentView.swift in Sources */ = {isa = PBXBuildFile; fileRef = 1A4877E5295C36BF0029A1BC /* MainContentView.swift */; };
		1A4877E8295C379E0029A1BC /* NavigationController.swift in Sources */ = {isa = PBXBuildFile; fileRef = 1A4877E7295C379E0029A1BC /* NavigationController.swift */; };
		1A4877EA295C407D0029A1BC /* TabBarViewController.swift in Sources */ = {isa = PBXBuildFile; fileRef = 1A4877E9295C407D0029A1BC /* TabBarViewController.swift */; };
		1A4877F1295C48500029A1BC /* TranslationsContentView.swift in Sources */ = {isa = PBXBuildFile; fileRef = 1A4877F0295C48500029A1BC /* TranslationsContentView.swift */; };
		1A4877F3295C49250029A1BC /* WithdrawalContentView.swift in Sources */ = {isa = PBXBuildFile; fileRef = 1A4877F2295C49250029A1BC /* WithdrawalContentView.swift */; };
		1A4877F5295C49960029A1BC /* HistoryContentView.swift in Sources */ = {isa = PBXBuildFile; fileRef = 1A4877F4295C49960029A1BC /* HistoryContentView.swift */; };
		1A4877F7295C4E450029A1BC /* Resources.swift in Sources */ = {isa = PBXBuildFile; fileRef = 1A4877F6295C4E450029A1BC /* Resources.swift */; };
/* End PBXBuildFile section */

/* Begin PBXFileReference section */
		1A43CFD1295EE9F100716EFE /* ru */ = {isa = PBXFileReference; lastKnownFileType = text.plist.strings; name = ru; path = ru.lproj/LaunchScreen.strings; sourceTree = "<group>"; };
		1A43CFD2295EEA0400716EFE /* fr */ = {isa = PBXFileReference; lastKnownFileType = text.plist.strings; name = fr; path = fr.lproj/LaunchScreen.strings; sourceTree = "<group>"; };
		1A43CFD4295EEA0F00716EFE /* fr */ = {isa = PBXFileReference; lastKnownFileType = text.plist.strings; name = fr; path = fr.lproj/Localizable.strings; sourceTree = "<group>"; };
		1A43CFD6295EEA1400716EFE /* en */ = {isa = PBXFileReference; lastKnownFileType = text.plist.strings; name = en; path = en.lproj/Localizable.strings; sourceTree = "<group>"; };
		1A43CFD7295EEA1500716EFE /* ru */ = {isa = PBXFileReference; lastKnownFileType = text.plist.strings; name = ru; path = ru.lproj/Localizable.strings; sourceTree = "<group>"; };
		1A43CFD9295EECA100716EFE /* ContentProtocol.swift */ = {isa = PBXFileReference; lastKnownFileType = sourcecode.swift; path = ContentProtocol.swift; sourceTree = "<group>"; };
		1A43CFDC295EF31600716EFE /* UIView+Border.swift */ = {isa = PBXFileReference; lastKnownFileType = sourcecode.swift; path = "UIView+Border.swift"; sourceTree = "<group>"; };
		1A43CFE12960201200716EFE /* MainViewModel.swift */ = {isa = PBXFileReference; lastKnownFileType = sourcecode.swift; path = MainViewModel.swift; sourceTree = "<group>"; };
		1A43CFE329602EB000716EFE /* UIColor+Hex.swift */ = {isa = PBXFileReference; lastKnownFileType = sourcecode.swift; path = "UIColor+Hex.swift"; sourceTree = "<group>"; };
		1A43CFE5296042C700716EFE /* UIView+Shadow.swift */ = {isa = PBXFileReference; lastKnownFileType = sourcecode.swift; path = "UIView+Shadow.swift"; sourceTree = "<group>"; };
		1A43CFE72961B40F00716EFE /* Card.swift */ = {isa = PBXFileReference; lastKnownFileType = sourcecode.swift; path = Card.swift; sourceTree = "<group>"; };
		1A43CFEB2961E15A00716EFE /* OCR-A-Regular.ttf */ = {isa = PBXFileReference; lastKnownFileType = file; path = "OCR-A-Regular.ttf"; sourceTree = "<group>"; };
		1A43CFEF2961E6C700716EFE /* OCR B 10 BT.ttf */ = {isa = PBXFileReference; lastKnownFileType = file; path = "OCR B 10 BT.ttf"; sourceTree = "<group>"; };
		1A4877C2295C33520029A1BC /* OnlineBank.app */ = {isa = PBXFileReference; explicitFileType = wrapper.application; includeInIndex = 0; path = OnlineBank.app; sourceTree = BUILT_PRODUCTS_DIR; };
		1A4877C5295C33520029A1BC /* AppDelegate.swift */ = {isa = PBXFileReference; lastKnownFileType = sourcecode.swift; path = AppDelegate.swift; sourceTree = "<group>"; };
		1A4877C7295C33520029A1BC /* SceneDelegate.swift */ = {isa = PBXFileReference; lastKnownFileType = sourcecode.swift; path = SceneDelegate.swift; sourceTree = "<group>"; };
		1A4877C9295C33520029A1BC /* ViewController.swift */ = {isa = PBXFileReference; lastKnownFileType = sourcecode.swift; path = ViewController.swift; sourceTree = "<group>"; };
		1A4877CE295C33530029A1BC /* Assets.xcassets */ = {isa = PBXFileReference; lastKnownFileType = folder.assetcatalog; path = Assets.xcassets; sourceTree = "<group>"; };
		1A4877D1295C33530029A1BC /* Base */ = {isa = PBXFileReference; lastKnownFileType = file.storyboard; name = Base; path = Base.lproj/LaunchScreen.storyboard; sourceTree = "<group>"; };
		1A4877D3295C33530029A1BC /* Info.plist */ = {isa = PBXFileReference; lastKnownFileType = text.plist.xml; path = Info.plist; sourceTree = "<group>"; };
		1A4877E5295C36BF0029A1BC /* MainContentView.swift */ = {isa = PBXFileReference; lastKnownFileType = sourcecode.swift; path = MainContentView.swift; sourceTree = "<group>"; };
		1A4877E7295C379E0029A1BC /* NavigationController.swift */ = {isa = PBXFileReference; lastKnownFileType = sourcecode.swift; path = NavigationController.swift; sourceTree = "<group>"; };
		1A4877E9295C407D0029A1BC /* TabBarViewController.swift */ = {isa = PBXFileReference; lastKnownFileType = sourcecode.swift; path = TabBarViewController.swift; sourceTree = "<group>"; };
		1A4877F0295C48500029A1BC /* TranslationsContentView.swift */ = {isa = PBXFileReference; lastKnownFileType = sourcecode.swift; path = TranslationsContentView.swift; sourceTree = "<group>"; };
		1A4877F2295C49250029A1BC /* WithdrawalContentView.swift */ = {isa = PBXFileReference; lastKnownFileType = sourcecode.swift; path = WithdrawalContentView.swift; sourceTree = "<group>"; };
		1A4877F4295C49960029A1BC /* HistoryContentView.swift */ = {isa = PBXFileReference; lastKnownFileType = sourcecode.swift; path = HistoryContentView.swift; sourceTree = "<group>"; };
		1A4877F6295C4E450029A1BC /* Resources.swift */ = {isa = PBXFileReference; lastKnownFileType = sourcecode.swift; path = Resources.swift; sourceTree = "<group>"; };
/* End PBXFileReference section */

/* Begin PBXFrameworksBuildPhase section */
		1A4877BF295C33520029A1BC /* Frameworks */ = {
			isa = PBXFrameworksBuildPhase;
			buildActionMask = 2147483647;
			files = (
			);
			runOnlyForDeploymentPostprocessing = 0;
		};
/* End PBXFrameworksBuildPhase section */

/* Begin PBXGroup section */
		1A43CFC8295EE4FA00716EFE /* ViewControllers */ = {
			isa = PBXGroup;
			children = (
				1A4877C9295C33520029A1BC /* ViewController.swift */,
			);
			path = ViewControllers;
			sourceTree = "<group>";
		};
		1A43CFC9295EE50E00716EFE /* NavigationControllers */ = {
			isa = PBXGroup;
			children = (
				1A4877E9295C407D0029A1BC /* TabBarViewController.swift */,
				1A4877E7295C379E0029A1BC /* NavigationController.swift */,
			);
			path = NavigationControllers;
			sourceTree = "<group>";
		};
		1A43CFD8295EEC7F00716EFE /* Protocols */ = {
			isa = PBXGroup;
			children = (
				1A43CFD9295EECA100716EFE /* ContentProtocol.swift */,
			);
			path = Protocols;
			sourceTree = "<group>";
		};
		1A43CFDB295EF2F800716EFE /* Extensions */ = {
			isa = PBXGroup;
			children = (
				1A43CFDC295EF31600716EFE /* UIView+Border.swift */,
				1A43CFE329602EB000716EFE /* UIColor+Hex.swift */,
				1A43CFE5296042C700716EFE /* UIView+Shadow.swift */,
			);
			path = Extensions;
			sourceTree = "<group>";
		};
		1A43CFDE29601F3400716EFE /* TransitionScreen */ = {
			isa = PBXGroup;
			children = (
				1A4877F0295C48500029A1BC /* TranslationsContentView.swift */,
			);
			path = TransitionScreen;
			sourceTree = "<group>";
		};
		1A43CFDF29601F6400716EFE /* WithdrawalScreen */ = {
			isa = PBXGroup;
			children = (
				1A4877F2295C49250029A1BC /* WithdrawalContentView.swift */,
			);
			path = WithdrawalScreen;
			sourceTree = "<group>";
		};
		1A43CFE029601F7000716EFE /* HistoryScreen */ = {
			isa = PBXGroup;
			children = (
				1A4877F4295C49960029A1BC /* HistoryContentView.swift */,
			);
			path = HistoryScreen;
			sourceTree = "<group>";
		};
		1A43CFE92961BB9F00716EFE /* Font */ = {
			isa = PBXGroup;
			children = (
				1A43CFEB2961E15A00716EFE /* OCR-A-Regular.ttf */,
				1A43CFEF2961E6C700716EFE /* OCR B 10 BT.ttf */,
			);
			path = Font;
			sourceTree = "<group>";
		};
		1A4877B9295C33520029A1BC = {
			isa = PBXGroup;
			children = (
				1A4877C4295C33520029A1BC /* OnlineBank */,
				1A4877C3295C33520029A1BC /* Products */,
			);
			sourceTree = "<group>";
		};
		1A4877C3295C33520029A1BC /* Products */ = {
			isa = PBXGroup;
			children = (
				1A4877C2295C33520029A1BC /* OnlineBank.app */,
			);
			name = Products;
			sourceTree = "<group>";
		};
		1A4877C4295C33520029A1BC /* OnlineBank */ = {
			isa = PBXGroup;
			children = (
				1A4877DA295C35060029A1BC /* MainScreen */,
				1A43CFDE29601F3400716EFE /* TransitionScreen */,
				1A43CFDF29601F6400716EFE /* WithdrawalScreen */,
				1A43CFE029601F7000716EFE /* HistoryScreen */,
				1A4877DD295C35440029A1BC /* Resources */,
				1A4877DC295C35360029A1BC /* SupportingFiles */,
			);
			path = OnlineBank;
			sourceTree = "<group>";
		};
		1A4877DA295C35060029A1BC /* MainScreen */ = {
			isa = PBXGroup;
			children = (
				1A4877E0295C366A0029A1BC /* Models */,
				1A4877DF295C36650029A1BC /* Views */,
				1A4877DE295C36550029A1BC /* Controllers */,
			);
			path = MainScreen;
			sourceTree = "<group>";
		};
		1A4877DC295C35360029A1BC /* SupportingFiles */ = {
			isa = PBXGroup;
			children = (
				1A43CFDB295EF2F800716EFE /* Extensions */,
				1A43CFD8295EEC7F00716EFE /* Protocols */,
				1A4877C7295C33520029A1BC /* SceneDelegate.swift */,
				1A4877C5295C33520029A1BC /* AppDelegate.swift */,
				1A4877D0295C33530029A1BC /* LaunchScreen.storyboard */,
				1A4877D3295C33530029A1BC /* Info.plist */,
			);
			path = SupportingFiles;
			sourceTree = "<group>";
		};
		1A4877DD295C35440029A1BC /* Resources */ = {
			isa = PBXGroup;
			children = (
				1A43CFE92961BB9F00716EFE /* Font */,
				1A4877CE295C33530029A1BC /* Assets.xcassets */,
				1A4877F6295C4E450029A1BC /* Resources.swift */,
				1A43CFD5295EEA0F00716EFE /* Localizable.strings */,
			);
			path = Resources;
			sourceTree = "<group>";
		};
		1A4877DE295C36550029A1BC /* Controllers */ = {
			isa = PBXGroup;
			children = (
				1A43CFC9295EE50E00716EFE /* NavigationControllers */,
				1A43CFC8295EE4FA00716EFE /* ViewControllers */,
			);
			path = Controllers;
			sourceTree = "<group>";
		};
		1A4877DF295C36650029A1BC /* Views */ = {
			isa = PBXGroup;
			children = (
				1A4877E5295C36BF0029A1BC /* MainContentView.swift */,
				1A43CFE72961B40F00716EFE /* Card.swift */,
			);
			path = Views;
			sourceTree = "<group>";
		};
		1A4877E0295C366A0029A1BC /* Models */ = {
			isa = PBXGroup;
			children = (
				1A43CFE12960201200716EFE /* MainViewModel.swift */,
			);
			path = Models;
			sourceTree = "<group>";
		};
/* End PBXGroup section */

/* Begin PBXNativeTarget section */
		1A4877C1295C33520029A1BC /* OnlineBank */ = {
			isa = PBXNativeTarget;
			buildConfigurationList = 1A4877D6295C33530029A1BC /* Build configuration list for PBXNativeTarget "OnlineBank" */;
			buildPhases = (
				1A4877D9295C34300029A1BC /* Swift Lint */,
				1A4877BE295C33520029A1BC /* Sources */,
				1A4877BF295C33520029A1BC /* Frameworks */,
				1A4877C0295C33520029A1BC /* Resources */,
			);
			buildRules = (
			);
			dependencies = (
			);
			name = OnlineBank;
			productName = OnlineBank;
			productReference = 1A4877C2295C33520029A1BC /* OnlineBank.app */;
			productType = "com.apple.product-type.application";
		};
/* End PBXNativeTarget section */

/* Begin PBXProject section */
		1A4877BA295C33520029A1BC /* Project object */ = {
			isa = PBXProject;
			attributes = {
				BuildIndependentTargetsInParallel = 1;
				LastSwiftUpdateCheck = 1400;
				LastUpgradeCheck = 1400;
				TargetAttributes = {
					1A4877C1295C33520029A1BC = {
						CreatedOnToolsVersion = 14.0.1;
					};
				};
			};
			buildConfigurationList = 1A4877BD295C33520029A1BC /* Build configuration list for PBXProject "OnlineBank" */;
			compatibilityVersion = "Xcode 14.0";
			developmentRegion = en;
			hasScannedForEncodings = 0;
			knownRegions = (
				en,
				Base,
				ru,
				fr,
			);
			mainGroup = 1A4877B9295C33520029A1BC;
			productRefGroup = 1A4877C3295C33520029A1BC /* Products */;
			projectDirPath = "";
			projectRoot = "";
			targets = (
				1A4877C1295C33520029A1BC /* OnlineBank */,
			);
		};
/* End PBXProject section */

/* Begin PBXResourcesBuildPhase section */
		1A4877C0295C33520029A1BC /* Resources */ = {
			isa = PBXResourcesBuildPhase;
			buildActionMask = 2147483647;
			files = (
				1A43CFEC2961E15A00716EFE /* OCR-A-Regular.ttf in Resources */,
				1A4877D2295C33530029A1BC /* LaunchScreen.storyboard in Resources */,
				1A43CFD3295EEA0F00716EFE /* Localizable.strings in Resources */,
				1A43CFF02961E6C700716EFE /* OCR B 10 BT.ttf in Resources */,
				1A4877CF295C33530029A1BC /* Assets.xcassets in Resources */,
			);
			runOnlyForDeploymentPostprocessing = 0;
		};
/* End PBXResourcesBuildPhase section */

/* Begin PBXShellScriptBuildPhase section */
		1A4877D9295C34300029A1BC /* Swift Lint */ = {
			isa = PBXShellScriptBuildPhase;
			alwaysOutOfDate = 1;
			buildActionMask = 2147483647;
			files = (
			);
			inputFileListPaths = (
			);
			inputPaths = (
			);
			name = "Swift Lint";
			outputFileListPaths = (
			);
			outputPaths = (
			);
			runOnlyForDeploymentPostprocessing = 0;
			shellPath = /bin/sh;
			shellScript = "if which swiftlint >/dev/null; then\n  swiftlint\nelse\n  echo \"error: SwiftLint does not exist, download it from https://github.com/realm/SwiftLint\"\n  exit 1\nfi\n";
		};
/* End PBXShellScriptBuildPhase section */

/* Begin PBXSourcesBuildPhase section */
		1A4877BE295C33520029A1BC /* Sources */ = {
			isa = PBXSourcesBuildPhase;
			buildActionMask = 2147483647;
			files = (
				1A4877F3295C49250029A1BC /* WithdrawalContentView.swift in Sources */,
				1A43CFE6296042C700716EFE /* UIView+Shadow.swift in Sources */,
				1A4877CA295C33520029A1BC /* ViewController.swift in Sources */,
				1A4877C6295C33520029A1BC /* AppDelegate.swift in Sources */,
				1A43CFDA295EECA100716EFE /* ContentProtocol.swift in Sources */,
				1A4877F7295C4E450029A1BC /* Resources.swift in Sources */,
				1A43CFE22960201200716EFE /* MainViewModel.swift in Sources */,
				1A4877E8295C379E0029A1BC /* NavigationController.swift in Sources */,
				1A43CFE429602EB000716EFE /* UIColor+Hex.swift in Sources */,
				1A4877C8295C33520029A1BC /* SceneDelegate.swift in Sources */,
				1A4877EA295C407D0029A1BC /* TabBarViewController.swift in Sources */,
				1A43CFDD295EF31600716EFE /* UIView+Border.swift in Sources */,
				1A4877E6295C36BF0029A1BC /* MainContentView.swift in Sources */,
				1A4877F1295C48500029A1BC /* TranslationsContentView.swift in Sources */,
				1A4877F5295C49960029A1BC /* HistoryContentView.swift in Sources */,
				1A43CFE82961B40F00716EFE /* Card.swift in Sources */,
			);
			runOnlyForDeploymentPostprocessing = 0;
		};
/* End PBXSourcesBuildPhase section */

/* Begin PBXVariantGroup section */
		1A43CFD5295EEA0F00716EFE /* Localizable.strings */ = {
			isa = PBXVariantGroup;
			children = (
				1A43CFD4295EEA0F00716EFE /* fr */,
				1A43CFD6295EEA1400716EFE /* en */,
				1A43CFD7295EEA1500716EFE /* ru */,
			);
			name = Localizable.strings;
			sourceTree = "<group>";
		};
		1A4877D0295C33530029A1BC /* LaunchScreen.storyboard */ = {
			isa = PBXVariantGroup;
			children = (
				1A4877D1295C33530029A1BC /* Base */,
				1A43CFD1295EE9F100716EFE /* ru */,
				1A43CFD2295EEA0400716EFE /* fr */,
			);
			name = LaunchScreen.storyboard;
			sourceTree = "<group>";
		};
/* End PBXVariantGroup section */

/* Begin XCBuildConfiguration section */
		1A4877D4295C33530029A1BC /* Debug */ = {
			isa = XCBuildConfiguration;
			buildSettings = {
				ALWAYS_SEARCH_USER_PATHS = NO;
				CLANG_ANALYZER_LOCALIZABILITY_NONLOCALIZED = YES;
				CLANG_ANALYZER_NONNULL = YES;
				CLANG_ANALYZER_NUMBER_OBJECT_CONVERSION = YES_AGGRESSIVE;
				CLANG_CXX_LANGUAGE_STANDARD = "gnu++20";
				CLANG_ENABLE_MODULES = YES;
				CLANG_ENABLE_OBJC_ARC = YES;
				CLANG_ENABLE_OBJC_WEAK = YES;
				CLANG_WARN_BLOCK_CAPTURE_AUTORELEASING = YES;
				CLANG_WARN_BOOL_CONVERSION = YES;
				CLANG_WARN_COMMA = YES;
				CLANG_WARN_CONSTANT_CONVERSION = YES;
				CLANG_WARN_DEPRECATED_OBJC_IMPLEMENTATIONS = YES;
				CLANG_WARN_DIRECT_OBJC_ISA_USAGE = YES_ERROR;
				CLANG_WARN_DOCUMENTATION_COMMENTS = YES;
				CLANG_WARN_EMPTY_BODY = YES;
				CLANG_WARN_ENUM_CONVERSION = YES;
				CLANG_WARN_INFINITE_RECURSION = YES;
				CLANG_WARN_INT_CONVERSION = YES;
				CLANG_WARN_NON_LITERAL_NULL_CONVERSION = YES;
				CLANG_WARN_OBJC_IMPLICIT_RETAIN_SELF = YES;
				CLANG_WARN_OBJC_LITERAL_CONVERSION = YES;
				CLANG_WARN_OBJC_ROOT_CLASS = YES_ERROR;
				CLANG_WARN_QUOTED_INCLUDE_IN_FRAMEWORK_HEADER = YES;
				CLANG_WARN_RANGE_LOOP_ANALYSIS = YES;
				CLANG_WARN_STRICT_PROTOTYPES = YES;
				CLANG_WARN_SUSPICIOUS_MOVE = YES;
				CLANG_WARN_UNGUARDED_AVAILABILITY = YES_AGGRESSIVE;
				CLANG_WARN_UNREACHABLE_CODE = YES;
				CLANG_WARN__DUPLICATE_METHOD_MATCH = YES;
				COPY_PHASE_STRIP = NO;
				DEBUG_INFORMATION_FORMAT = dwarf;
				ENABLE_STRICT_OBJC_MSGSEND = YES;
				ENABLE_TESTABILITY = YES;
				GCC_C_LANGUAGE_STANDARD = gnu11;
				GCC_DYNAMIC_NO_PIC = NO;
				GCC_NO_COMMON_BLOCKS = YES;
				GCC_OPTIMIZATION_LEVEL = 0;
				GCC_PREPROCESSOR_DEFINITIONS = (
					"DEBUG=1",
					"$(inherited)",
				);
				GCC_WARN_64_TO_32_BIT_CONVERSION = YES;
				GCC_WARN_ABOUT_RETURN_TYPE = YES_ERROR;
				GCC_WARN_UNDECLARED_SELECTOR = YES;
				GCC_WARN_UNINITIALIZED_AUTOS = YES_AGGRESSIVE;
				GCC_WARN_UNUSED_FUNCTION = YES;
				GCC_WARN_UNUSED_VARIABLE = YES;
				IPHONEOS_DEPLOYMENT_TARGET = 16.0;
				MTL_ENABLE_DEBUG_INFO = INCLUDE_SOURCE;
				MTL_FAST_MATH = YES;
				ONLY_ACTIVE_ARCH = YES;
				SDKROOT = iphoneos;
				SWIFT_ACTIVE_COMPILATION_CONDITIONS = DEBUG;
				SWIFT_OPTIMIZATION_LEVEL = "-Onone";
			};
			name = Debug;
		};
		1A4877D5295C33530029A1BC /* Release */ = {
			isa = XCBuildConfiguration;
			buildSettings = {
				ALWAYS_SEARCH_USER_PATHS = NO;
				CLANG_ANALYZER_LOCALIZABILITY_NONLOCALIZED = YES;
				CLANG_ANALYZER_NONNULL = YES;
				CLANG_ANALYZER_NUMBER_OBJECT_CONVERSION = YES_AGGRESSIVE;
				CLANG_CXX_LANGUAGE_STANDARD = "gnu++20";
				CLANG_ENABLE_MODULES = YES;
				CLANG_ENABLE_OBJC_ARC = YES;
				CLANG_ENABLE_OBJC_WEAK = YES;
				CLANG_WARN_BLOCK_CAPTURE_AUTORELEASING = YES;
				CLANG_WARN_BOOL_CONVERSION = YES;
				CLANG_WARN_COMMA = YES;
				CLANG_WARN_CONSTANT_CONVERSION = YES;
				CLANG_WARN_DEPRECATED_OBJC_IMPLEMENTATIONS = YES;
				CLANG_WARN_DIRECT_OBJC_ISA_USAGE = YES_ERROR;
				CLANG_WARN_DOCUMENTATION_COMMENTS = YES;
				CLANG_WARN_EMPTY_BODY = YES;
				CLANG_WARN_ENUM_CONVERSION = YES;
				CLANG_WARN_INFINITE_RECURSION = YES;
				CLANG_WARN_INT_CONVERSION = YES;
				CLANG_WARN_NON_LITERAL_NULL_CONVERSION = YES;
				CLANG_WARN_OBJC_IMPLICIT_RETAIN_SELF = YES;
				CLANG_WARN_OBJC_LITERAL_CONVERSION = YES;
				CLANG_WARN_OBJC_ROOT_CLASS = YES_ERROR;
				CLANG_WARN_QUOTED_INCLUDE_IN_FRAMEWORK_HEADER = YES;
				CLANG_WARN_RANGE_LOOP_ANALYSIS = YES;
				CLANG_WARN_STRICT_PROTOTYPES = YES;
				CLANG_WARN_SUSPICIOUS_MOVE = YES;
				CLANG_WARN_UNGUARDED_AVAILABILITY = YES_AGGRESSIVE;
				CLANG_WARN_UNREACHABLE_CODE = YES;
				CLANG_WARN__DUPLICATE_METHOD_MATCH = YES;
				COPY_PHASE_STRIP = NO;
				DEBUG_INFORMATION_FORMAT = "dwarf-with-dsym";
				ENABLE_NS_ASSERTIONS = NO;
				ENABLE_STRICT_OBJC_MSGSEND = YES;
				GCC_C_LANGUAGE_STANDARD = gnu11;
				GCC_NO_COMMON_BLOCKS = YES;
				GCC_WARN_64_TO_32_BIT_CONVERSION = YES;
				GCC_WARN_ABOUT_RETURN_TYPE = YES_ERROR;
				GCC_WARN_UNDECLARED_SELECTOR = YES;
				GCC_WARN_UNINITIALIZED_AUTOS = YES_AGGRESSIVE;
				GCC_WARN_UNUSED_FUNCTION = YES;
				GCC_WARN_UNUSED_VARIABLE = YES;
				IPHONEOS_DEPLOYMENT_TARGET = 16.0;
				MTL_ENABLE_DEBUG_INFO = NO;
				MTL_FAST_MATH = YES;
				SDKROOT = iphoneos;
				SWIFT_COMPILATION_MODE = wholemodule;
				SWIFT_OPTIMIZATION_LEVEL = "-O";
				VALIDATE_PRODUCT = YES;
			};
			name = Release;
		};
		1A4877D7295C33530029A1BC /* Debug */ = {
			isa = XCBuildConfiguration;
			buildSettings = {
				ASSETCATALOG_COMPILER_APPICON_NAME = AppIcon;
				ASSETCATALOG_COMPILER_GLOBAL_ACCENT_COLOR_NAME = AccentColor;
				CODE_SIGN_STYLE = Automatic;
				CURRENT_PROJECT_VERSION = 1;
				DEVELOPMENT_TEAM = 2TFP9B86SX;
				GENERATE_INFOPLIST_FILE = YES;
				INFOPLIST_FILE = OnlineBank/SupportingFiles/Info.plist;
				INFOPLIST_KEY_UIApplicationSupportsIndirectInputEvents = YES;
				INFOPLIST_KEY_UILaunchStoryboardName = LaunchScreen;
				INFOPLIST_KEY_UISupportedInterfaceOrientations_iPad = "UIInterfaceOrientationPortrait UIInterfaceOrientationPortraitUpsideDown UIInterfaceOrientationLandscapeLeft UIInterfaceOrientationLandscapeRight";
				INFOPLIST_KEY_UISupportedInterfaceOrientations_iPhone = "UIInterfaceOrientationPortrait UIInterfaceOrientationLandscapeLeft UIInterfaceOrientationLandscapeRight";
				LD_RUNPATH_SEARCH_PATHS = (
					"$(inherited)",
					"@executable_path/Frameworks",
				);
				MARKETING_VERSION = 1.0;
				PRODUCT_BUNDLE_IDENTIFIER = Inan.OnlineBank;
				PRODUCT_NAME = "$(TARGET_NAME)";
				SWIFT_EMIT_LOC_STRINGS = YES;
				SWIFT_VERSION = 5.0;
				TARGETED_DEVICE_FAMILY = "1,2";
			};
			name = Debug;
		};
		1A4877D8295C33530029A1BC /* Release */ = {
			isa = XCBuildConfiguration;
			buildSettings = {
				ASSETCATALOG_COMPILER_APPICON_NAME = AppIcon;
				ASSETCATALOG_COMPILER_GLOBAL_ACCENT_COLOR_NAME = AccentColor;
				CODE_SIGN_STYLE = Automatic;
				CURRENT_PROJECT_VERSION = 1;
				DEVELOPMENT_TEAM = 2TFP9B86SX;
				GENERATE_INFOPLIST_FILE = YES;
				INFOPLIST_FILE = OnlineBank/SupportingFiles/Info.plist;
				INFOPLIST_KEY_UIApplicationSupportsIndirectInputEvents = YES;
				INFOPLIST_KEY_UILaunchStoryboardName = LaunchScreen;
				INFOPLIST_KEY_UISupportedInterfaceOrientations_iPad = "UIInterfaceOrientationPortrait UIInterfaceOrientationPortraitUpsideDown UIInterfaceOrientationLandscapeLeft UIInterfaceOrientationLandscapeRight";
				INFOPLIST_KEY_UISupportedInterfaceOrientations_iPhone = "UIInterfaceOrientationPortrait UIInterfaceOrientationLandscapeLeft UIInterfaceOrientationLandscapeRight";
				LD_RUNPATH_SEARCH_PATHS = (
					"$(inherited)",
					"@executable_path/Frameworks",
				);
				MARKETING_VERSION = 1.0;
				PRODUCT_BUNDLE_IDENTIFIER = Inan.OnlineBank;
				PRODUCT_NAME = "$(TARGET_NAME)";
				SWIFT_EMIT_LOC_STRINGS = YES;
				SWIFT_VERSION = 5.0;
				TARGETED_DEVICE_FAMILY = "1,2";
			};
			name = Release;
		};
/* End XCBuildConfiguration section */

/* Begin XCConfigurationList section */
		1A4877BD295C33520029A1BC /* Build configuration list for PBXProject "OnlineBank" */ = {
			isa = XCConfigurationList;
			buildConfigurations = (
				1A4877D4295C33530029A1BC /* Debug */,
				1A4877D5295C33530029A1BC /* Release */,
			);
			defaultConfigurationIsVisible = 0;
			defaultConfigurationName = Release;
		};
		1A4877D6295C33530029A1BC /* Build configuration list for PBXNativeTarget "OnlineBank" */ = {
			isa = XCConfigurationList;
			buildConfigurations = (
				1A4877D7295C33530029A1BC /* Debug */,
				1A4877D8295C33530029A1BC /* Release */,
			);
			defaultConfigurationIsVisible = 0;
			defaultConfigurationName = Release;
		};
/* End XCConfigurationList section */
	};
	rootObject = 1A4877BA295C33520029A1BC /* Project object */;
}
